
Microsoft Visual Studio Solution File, Format Version 12.00
# Visual Studio Version 17
VisualStudioVersion = 17.6.33829.357
MinimumVisualStudioVersion = 10.0.40219.1
Project("{FAE04EC0-301F-11D3-BF4B-00C04F79EFBC}") = "myBooks", "myBooks.csproj", "{81D26716-F633-49D7-822B-A9FD53DF07A5}"
EndProject
Global
	GlobalSection(SolutionConfigurationPlatforms) = preSolution
		Debug|Any CPU = Debug|Any CPU
		Release|Any CPU = Release|Any CPU
	EndGlobalSection
	GlobalSection(ProjectConfigurationPlatforms) = postSolution
		{81D26716-F633-49D7-822B-A9FD53DF07A5}.Debug|Any CPU.ActiveCfg = Debug|Any CPU
		{81D26716-F633-49D7-822B-A9FD53DF07A5}.Debug|Any CPU.Build.0 = Debug|Any CPU
		{81D26716-F633-49D7-822B-A9FD53DF07A5}.Release|Any CPU.ActiveCfg = Release|Any CPU
		{81D26716-F633-49D7-822B-A9FD53DF07A5}.Release|Any CPU.Build.0 = Release|Any CPU
	EndGlobalSection
	GlobalSection(SolutionProperties) = preSolution
		HideSolutionNode = FALSE
	EndGlobalSection
	GlobalSection(ExtensibilityGlobals) = postSolution
		SolutionGuid = {CCA96CE3-8035-4D7E-9443-6478D1514141}
	EndGlobalSection
EndGlobal
